
Microsoft Visual Studio Solution File, Format Version 12.00
# Visual Studio Version 17
VisualStudioVersion = 17.0.31903.59
MinimumVisualStudioVersion = 10.0.40219.1
Project("{FAE04EC0-301F-11D3-BF4B-00C04F79EFBC}") = "ExemploFundamentos", "ExemploFundamentos\ExemploFundamentos.csproj", "{DF36FEDE-EC66-4284-A120-A96CDB4F2157}"
EndProject
Project("{FAE04EC0-301F-11D3-BF4B-00C04F79EFBC}") = "ExemploFundamentos.Common", "ExemploFundamentos.Common\ExemploFundamentos.Common.csproj", "{710D748A-5950-45C1-A566-AB8C7742ED9B}"
EndProject
Global
	GlobalSection(SolutionConfigurationPlatforms) = preSolution
		Debug|Any CPU = Debug|Any CPU
		Release|Any CPU = Release|Any CPU
	EndGlobalSection
	GlobalSection(SolutionProperties) = preSolution
		HideSolutionNode = FALSE
	EndGlobalSection
	GlobalSection(ProjectConfigurationPlatforms) = postSolution
		{DF36FEDE-EC66-4284-A120-A96CDB4F2157}.Debug|Any CPU.ActiveCfg = Debug|Any CPU
		{DF36FEDE-EC66-4284-A120-A96CDB4F2157}.Debug|Any CPU.Build.0 = Debug|Any CPU
		{DF36FEDE-EC66-4284-A120-A96CDB4F2157}.Release|Any CPU.ActiveCfg = Release|Any CPU
		{DF36FEDE-EC66-4284-A120-A96CDB4F2157}.Release|Any CPU.Build.0 = Release|Any CPU
		{710D748A-5950-45C1-A566-AB8C7742ED9B}.Debug|Any CPU.ActiveCfg = Debug|Any CPU
		{710D748A-5950-45C1-A566-AB8C7742ED9B}.Debug|Any CPU.Build.0 = Debug|Any CPU
		{710D748A-5950-45C1-A566-AB8C7742ED9B}.Release|Any CPU.ActiveCfg = Release|Any CPU
		{710D748A-5950-45C1-A566-AB8C7742ED9B}.Release|Any CPU.Build.0 = Release|Any CPU
	EndGlobalSection
EndGlobal
